
Microsoft Visual Studio Solution File, Format Version 12.00
# Visual Studio Version 16
VisualStudioVersion = 16.0.30225.117
MinimumVisualStudioVersion = 10.0.40219.1
Project("{FAE04EC0-301F-11D3-BF4B-00C04F79EFBC}") = "SOLID_ISP", "SOLID_ISP\SOLID_ISP.csproj", "{D32A066C-32CA-477C-8B5E-C66B2A426F17}"
EndProject
Global
	GlobalSection(SolutionConfigurationPlatforms) = preSolution
		Debug|Any CPU = Debug|Any CPU
		Release|Any CPU = Release|Any CPU
	EndGlobalSection
	GlobalSection(ProjectConfigurationPlatforms) = postSolution
		{D32A066C-32CA-477C-8B5E-C66B2A426F17}.Debug|Any CPU.ActiveCfg = Debug|Any CPU
		{D32A066C-32CA-477C-8B5E-C66B2A426F17}.Debug|Any CPU.Build.0 = Debug|Any CPU
		{D32A066C-32CA-477C-8B5E-C66B2A426F17}.Release|Any CPU.ActiveCfg = Release|Any CPU
		{D32A066C-32CA-477C-8B5E-C66B2A426F17}.Release|Any CPU.Build.0 = Release|Any CPU
	EndGlobalSection
	GlobalSection(SolutionProperties) = preSolution
		HideSolutionNode = FALSE
	EndGlobalSection
	GlobalSection(ExtensibilityGlobals) = postSolution
		SolutionGuid = {FD843636-67EE-4F3E-99F7-B59EA46AAA1C}
	EndGlobalSection
EndGlobal
